// !$*UTF8*$!
{
	archiveVersion = 1;
	classes = {
	};
	objectVersion = 46;
	objects = {

/* Begin PBXBuildFile section */
		D62469B11BF4E612007612C7 /* AppDelegate.swift in Sources */ = {isa = PBXBuildFile; fileRef = D62469B01BF4E612007612C7 /* AppDelegate.swift */; };
		D62469B31BF4E612007612C7 /* ViewController.swift in Sources */ = {isa = PBXBuildFile; fileRef = D62469B21BF4E612007612C7 /* ViewController.swift */; };
		D62469B61BF4E612007612C7 /* Main.storyboard in Resources */ = {isa = PBXBuildFile; fileRef = D62469B41BF4E612007612C7 /* Main.storyboard */; };
		D62469B81BF4E612007612C7 /* Assets.xcassets in Resources */ = {isa = PBXBuildFile; fileRef = D62469B71BF4E612007612C7 /* Assets.xcassets */; };
		D62469BB1BF4E612007612C7 /* LaunchScreen.storyboard in Resources */ = {isa = PBXBuildFile; fileRef = D62469B91BF4E612007612C7 /* LaunchScreen.storyboard */; };
		D62469C61BF4E612007612C7 /* enumsTests.swift in Sources */ = {isa = PBXBuildFile; fileRef = D62469C51BF4E612007612C7 /* enumsTests.swift */; };
		D62469D11BF4E612007612C7 /* enumsUITests.swift in Sources */ = {isa = PBXBuildFile; fileRef = D62469D01BF4E612007612C7 /* enumsUITests.swift */; };
/* End PBXBuildFile section */

/* Begin PBXContainerItemProxy section */
		D62469C21BF4E612007612C7 /* PBXContainerItemProxy */ = {
			isa = PBXContainerItemProxy;
			containerPortal = D62469A51BF4E612007612C7 /* Project object */;
			proxyType = 1;
			remoteGlobalIDString = D62469AC1BF4E612007612C7;
			remoteInfo = enums;
		};
		D62469CD1BF4E612007612C7 /* PBXContainerItemProxy */ = {
			isa = PBXContainerItemProxy;
			containerPortal = D62469A51BF4E612007612C7 /* Project object */;
			proxyType = 1;
			remoteGlobalIDString = D62469AC1BF4E612007612C7;
			remoteInfo = enums;
		};
/* End PBXContainerItemProxy section */

/* Begin PBXFileReference section */
		D62469AD1BF4E612007612C7 /* enums.app */ = {isa = PBXFileReference; explicitFileType = wrapper.application; includeInIndex = 0; path = enums.app; sourceTree = BUILT_PRODUCTS_DIR; };
		D62469B01BF4E612007612C7 /* AppDelegate.swift */ = {isa = PBXFileReference; lastKnownFileType = sourcecode.swift; path = AppDelegate.swift; sourceTree = "<group>"; };
		D62469B21BF4E612007612C7 /* ViewController.swift */ = {isa = PBXFileReference; lastKnownFileType = sourcecode.swift; path = ViewController.swift; sourceTree = "<group>"; };
		D62469B51BF4E612007612C7 /* Base */ = {isa = PBXFileReference; lastKnownFileType = file.storyboard; name = Base; path = Base.lproj/Main.storyboard; sourceTree = "<group>"; };
		D62469B71BF4E612007612C7 /* Assets.xcassets */ = {isa = PBXFileReference; lastKnownFileType = folder.assetcatalog; path = Assets.xcassets; sourceTree = "<group>"; };
		D62469BA1BF4E612007612C7 /* Base */ = {isa = PBXFileReference; lastKnownFileType = file.storyboard; name = Base; path = Base.lproj/LaunchScreen.storyboard; sourceTree = "<group>"; };
		D62469BC1BF4E612007612C7 /* Info.plist */ = {isa = PBXFileReference; lastKnownFileType = text.plist.xml; path = Info.plist; sourceTree = "<group>"; };
		D62469C11BF4E612007612C7 /* enumsTests.xctest */ = {isa = PBXFileReference; explicitFileType = wrapper.cfbundle; includeInIndex = 0; path = enumsTests.xctest; sourceTree = BUILT_PRODUCTS_DIR; };
		D62469C51BF4E612007612C7 /* enumsTests.swift */ = {isa = PBXFileReference; lastKnownFileType = sourcecode.swift; path = enumsTests.swift; sourceTree = "<group>"; };
		D62469C71BF4E612007612C7 /* Info.plist */ = {isa = PBXFileReference; lastKnownFileType = text.plist.xml; path = Info.plist; sourceTree = "<group>"; };
		D62469CC1BF4E612007612C7 /* enumsUITests.xctest */ = {isa = PBXFileReference; explicitFileType = wrapper.cfbundle; includeInIndex = 0; path = enumsUITests.xctest; sourceTree = BUILT_PRODUCTS_DIR; };
		D62469D01BF4E612007612C7 /* enumsUITests.swift */ = {isa = PBXFileReference; lastKnownFileType = sourcecode.swift; path = enumsUITests.swift; sourceTree = "<group>"; };
		D62469D21BF4E612007612C7 /* Info.plist */ = {isa = PBXFileReference; lastKnownFileType = text.plist.xml; path = Info.plist; sourceTree = "<group>"; };
/* End PBXFileReference section */

/* Begin PBXFrameworksBuildPhase section */
		D62469AA1BF4E612007612C7 /* Frameworks */ = {
			isa = PBXFrameworksBuildPhase;
			buildActionMask = 2147483647;
			files = (
			);
			runOnlyForDeploymentPostprocessing = 0;
		};
		D62469BE1BF4E612007612C7 /* Frameworks */ = {
			isa = PBXFrameworksBuildPhase;
			buildActionMask = 2147483647;
			files = (
			);
			runOnlyForDeploymentPostprocessing = 0;
		};
		D62469C91BF4E612007612C7 /* Frameworks */ = {
			isa = PBXFrameworksBuildPhase;
			buildActionMask = 2147483647;
			files = (
			);
			runOnlyForDeploymentPostprocessing = 0;
		};
/* End PBXFrameworksBuildPhase section */

/* Begin PBXGroup section */
		D62469A41BF4E612007612C7 = {
			isa = PBXGroup;
			children = (
				D62469AF1BF4E612007612C7 /* enums */,
				D62469C41BF4E612007612C7 /* enumsTests */,
				D62469CF1BF4E612007612C7 /* enumsUITests */,
				D62469AE1BF4E612007612C7 /* Products */,
			);
			sourceTree = "<group>";
		};
		D62469AE1BF4E612007612C7 /* Products */ = {
			isa = PBXGroup;
			children = (
				D62469AD1BF4E612007612C7 /* enums.app */,
				D62469C11BF4E612007612C7 /* enumsTests.xctest */,
				D62469CC1BF4E612007612C7 /* enumsUITests.xctest */,
			);
			name = Products;
			sourceTree = "<group>";
		};
		D62469AF1BF4E612007612C7 /* enums */ = {
			isa = PBXGroup;
			children = (
				D62469B01BF4E612007612C7 /* AppDelegate.swift */,
				D62469B21BF4E612007612C7 /* ViewController.swift */,
				D62469B41BF4E612007612C7 /* Main.storyboard */,
				D62469B71BF4E612007612C7 /* Assets.xcassets */,
				D62469B91BF4E612007612C7 /* LaunchScreen.storyboard */,
				D62469BC1BF4E612007612C7 /* Info.plist */,
			);
			path = enums;
			sourceTree = "<group>";
		};
		D62469C41BF4E612007612C7 /* enumsTests */ = {
			isa = PBXGroup;
			children = (
				D62469C51BF4E612007612C7 /* enumsTests.swift */,
				D62469C71BF4E612007612C7 /* Info.plist */,
			);
			path = enumsTests;
			sourceTree = "<group>";
		};
		D62469CF1BF4E612007612C7 /* enumsUITests */ = {
			isa = PBXGroup;
			children = (
				D62469D01BF4E612007612C7 /* enumsUITests.swift */,
				D62469D21BF4E612007612C7 /* Info.plist */,
			);
			path = enumsUITests;
			sourceTree = "<group>";
		};
/* End PBXGroup section */

/* Begin PBXNativeTarget section */
		D62469AC1BF4E612007612C7 /* enums */ = {
			isa = PBXNativeTarget;
			buildConfigurationList = D62469D51BF4E612007612C7 /* Build configuration list for PBXNativeTarget "enums" */;
			buildPhases = (
				D62469A91BF4E612007612C7 /* Sources */,
				D62469AA1BF4E612007612C7 /* Frameworks */,
				D62469AB1BF4E612007612C7 /* Resources */,
			);
			buildRules = (
			);
			dependencies = (
			);
			name = enums;
			productName = enums;
			productReference = D62469AD1BF4E612007612C7 /* enums.app */;
			productType = "com.apple.product-type.application";
		};
		D62469C01BF4E612007612C7 /* enumsTests */ = {
			isa = PBXNativeTarget;
			buildConfigurationList = D62469D81BF4E612007612C7 /* Build configuration list for PBXNativeTarget "enumsTests" */;
			buildPhases = (
				D62469BD1BF4E612007612C7 /* Sources */,
				D62469BE1BF4E612007612C7 /* Frameworks */,
				D62469BF1BF4E612007612C7 /* Resources */,
			);
			buildRules = (
			);
			dependencies = (
				D62469C31BF4E612007612C7 /* PBXTargetDependency */,
			);
			name = enumsTests;
			productName = enumsTests;
			productReference = D62469C11BF4E612007612C7 /* enumsTests.xctest */;
			productType = "com.apple.product-type.bundle.unit-test";
		};
		D62469CB1BF4E612007612C7 /* enumsUITests */ = {
			isa = PBXNativeTarget;
			buildConfigurationList = D62469DB1BF4E612007612C7 /* Build configuration list for PBXNativeTarget "enumsUITests" */;
			buildPhases = (
				D62469C81BF4E612007612C7 /* Sources */,
				D62469C91BF4E612007612C7 /* Frameworks */,
				D62469CA1BF4E612007612C7 /* Resources */,
			);
			buildRules = (
			);
			dependencies = (
				D62469CE1BF4E612007612C7 /* PBXTargetDependency */,
			);
			name = enumsUITests;
			productName = enumsUITests;
			productReference = D62469CC1BF4E612007612C7 /* enumsUITests.xctest */;
			productType = "com.apple.product-type.bundle.ui-testing";
		};
/* End PBXNativeTarget section */

/* Begin PBXProject section */
		D62469A51BF4E612007612C7 /* Project object */ = {
			isa = PBXProject;
			attributes = {
				LastSwiftUpdateCheck = 0710;
				LastUpgradeCheck = 0710;
				ORGANIZATIONNAME = personal;
				TargetAttributes = {
					D62469AC1BF4E612007612C7 = {
						CreatedOnToolsVersion = 7.1;
					};
					D62469C01BF4E612007612C7 = {
						CreatedOnToolsVersion = 7.1;
						TestTargetID = D62469AC1BF4E612007612C7;
					};
					D62469CB1BF4E612007612C7 = {
						CreatedOnToolsVersion = 7.1;
						TestTargetID = D62469AC1BF4E612007612C7;
					};
				};
			};
			buildConfigurationList = D62469A81BF4E612007612C7 /* Build configuration list for PBXProject "enums" */;
			compatibilityVersion = "Xcode 3.2";
			developmentRegion = English;
			hasScannedForEncodings = 0;
			knownRegions = (
				en,
				Base,
			);
			mainGroup = D62469A41BF4E612007612C7;
			productRefGroup = D62469AE1BF4E612007612C7 /* Products */;
			projectDirPath = "";
			projectRoot = "";
			targets = (
				D62469AC1BF4E612007612C7 /* enums */,
				D62469C01BF4E612007612C7 /* enumsTests */,
				D62469CB1BF4E612007612C7 /* enumsUITests */,
			);
		};
/* End PBXProject section */

/* Begin PBXResourcesBuildPhase section */
		D62469AB1BF4E612007612C7 /* Resources */ = {
			isa = PBXResourcesBuildPhase;
			buildActionMask = 2147483647;
			files = (
				D62469BB1BF4E612007612C7 /* LaunchScreen.storyboard in Resources */,
				D62469B81BF4E612007612C7 /* Assets.xcassets in Resources */,
				D62469B61BF4E612007612C7 /* Main.storyboard in Resources */,
			);
			runOnlyForDeploymentPostprocessing = 0;
		};
		D62469BF1BF4E612007612C7 /* Resources */ = {
			isa = PBXResourcesBuildPhase;
			buildActionMask = 2147483647;
			files = (
			);
			runOnlyForDeploymentPostprocessing = 0;
		};
		D62469CA1BF4E612007612C7 /* Resources */ = {
			isa = PBXResourcesBuildPhase;
			buildActionMask = 2147483647;
			files = (
			);
			runOnlyForDeploymentPostprocessing = 0;
		};
/* End PBXResourcesBuildPhase section */

/* Begin PBXSourcesBuildPhase section */
		D62469A91BF4E612007612C7 /* Sources */ = {
			isa = PBXSourcesBuildPhase;
			buildActionMask = 2147483647;
			files = (
				D62469B31BF4E612007612C7 /* ViewController.swift in Sources */,
				D62469B11BF4E612007612C7 /* AppDelegate.swift in Sources */,
			);
			runOnlyForDeploymentPostprocessing = 0;
		};
		D62469BD1BF4E612007612C7 /* Sources */ = {
			isa = PBXSourcesBuildPhase;
			buildActionMask = 2147483647;
			files = (
				D62469C61BF4E612007612C7 /* enumsTests.swift in Sources */,
			);
			runOnlyForDeploymentPostprocessing = 0;
		};
		D62469C81BF4E612007612C7 /* Sources */ = {
			isa = PBXSourcesBuildPhase;
			buildActionMask = 2147483647;
			files = (
				D62469D11BF4E612007612C7 /* enumsUITests.swift in Sources */,
			);
			runOnlyForDeploymentPostprocessing = 0;
		};
/* End PBXSourcesBuildPhase section */

/* Begin PBXTargetDependency section */
		D62469C31BF4E612007612C7 /* PBXTargetDependency */ = {
			isa = PBXTargetDependency;
			target = D62469AC1BF4E612007612C7 /* enums */;
			targetProxy = D62469C21BF4E612007612C7 /* PBXContainerItemProxy */;
		};
		D62469CE1BF4E612007612C7 /* PBXTargetDependency */ = {
			isa = PBXTargetDependency;
			target = D62469AC1BF4E612007612C7 /* enums */;
			targetProxy = D62469CD1BF4E612007612C7 /* PBXContainerItemProxy */;
		};
/* End PBXTargetDependency section */

/* Begin PBXVariantGroup section */
		D62469B41BF4E612007612C7 /* Main.storyboard */ = {
			isa = PBXVariantGroup;
			children = (
				D62469B51BF4E612007612C7 /* Base */,
			);
			name = Main.storyboard;
			sourceTree = "<group>";
		};
		D62469B91BF4E612007612C7 /* LaunchScreen.storyboard */ = {
			isa = PBXVariantGroup;
			children = (
				D62469BA1BF4E612007612C7 /* Base */,
			);
			name = LaunchScreen.storyboard;
			sourceTree = "<group>";
		};
/* End PBXVariantGroup section */

/* Begin XCBuildConfiguration section */
		D62469D31BF4E612007612C7 /* Debug */ = {
			isa = XCBuildConfiguration;
			buildSettings = {
				ALWAYS_SEARCH_USER_PATHS = NO;
				CLANG_CXX_LANGUAGE_STANDARD = "gnu++0x";
				CLANG_CXX_LIBRARY = "libc++";
				CLANG_ENABLE_MODULES = YES;
				CLANG_ENABLE_OBJC_ARC = YES;
				CLANG_WARN_BOOL_CONVERSION = YES;
				CLANG_WARN_CONSTANT_CONVERSION = YES;
				CLANG_WARN_DIRECT_OBJC_ISA_USAGE = YES_ERROR;
				CLANG_WARN_EMPTY_BODY = YES;
				CLANG_WARN_ENUM_CONVERSION = YES;
				CLANG_WARN_INT_CONVERSION = YES;
				CLANG_WARN_OBJC_ROOT_CLASS = YES_ERROR;
				CLANG_WARN_UNREACHABLE_CODE = YES;
				CLANG_WARN__DUPLICATE_METHOD_MATCH = YES;
				"CODE_SIGN_IDENTITY[sdk=iphoneos*]" = "iPhone Developer";
				COPY_PHASE_STRIP = NO;
				DEBUG_INFORMATION_FORMAT = dwarf;
				ENABLE_STRICT_OBJC_MSGSEND = YES;
				ENABLE_TESTABILITY = YES;
				GCC_C_LANGUAGE_STANDARD = gnu99;
				GCC_DYNAMIC_NO_PIC = NO;
				GCC_NO_COMMON_BLOCKS = YES;
				GCC_OPTIMIZATION_LEVEL = 0;
				GCC_PREPROCESSOR_DEFINITIONS = (
					"DEBUG=1",
					"$(inherited)",
				);
				GCC_WARN_64_TO_32_BIT_CONVERSION = YES;
				GCC_WARN_ABOUT_RETURN_TYPE = YES_ERROR;
				GCC_WARN_UNDECLARED_SELECTOR = YES;
				GCC_WARN_UNINITIALIZED_AUTOS = YES_AGGRESSIVE;
				GCC_WARN_UNUSED_FUNCTION = YES;
				GCC_WARN_UNUSED_VARIABLE = YES;
				IPHONEOS_DEPLOYMENT_TARGET = 9.1;
				MTL_ENABLE_DEBUG_INFO = YES;
				ONLY_ACTIVE_ARCH = YES;
				SDKROOT = iphoneos;
				SWIFT_OPTIMIZATION_LEVEL = "-Onone";
			};
			name = Debug;
		};
		D62469D41BF4E612007612C7 /* Release */ = {
			isa = XCBuildConfiguration;
			buildSettings = {
				ALWAYS_SEARCH_USER_PATHS = NO;
				CLANG_CXX_LANGUAGE_STANDARD = "gnu++0x";
				CLANG_CXX_LIBRARY = "libc++";
				CLANG_ENABLE_MODULES = YES;
				CLANG_ENABLE_OBJC_ARC = YES;
				CLANG_WARN_BOOL_CONVERSION = YES;
				CLANG_WARN_CONSTANT_CONVERSION = YES;
				CLANG_WARN_DIRECT_OBJC_ISA_USAGE = YES_ERROR;
				CLANG_WARN_EMPTY_BODY = YES;
				CLANG_WARN_ENUM_CONVERSION = YES;
				CLANG_WARN_INT_CONVERSION = YES;
				CLANG_WARN_OBJC_ROOT_CLASS = YES_ERROR;
				CLANG_WARN_UNREACHABLE_CODE = YES;
				CLANG_WARN__DUPLICATE_METHOD_MATCH = YES;
				"CODE_SIGN_IDENTITY[sdk=iphoneos*]" = "iPhone Developer";
				COPY_PHASE_STRIP = NO;
				DEBUG_INFORMATION_FORMAT = "dwarf-with-dsym";
				ENABLE_NS_ASSERTIONS = NO;
				ENABLE_STRICT_OBJC_MSGSEND = YES;
				GCC_C_LANGUAGE_STANDARD = gnu99;
				GCC_NO_COMMON_BLOCKS = YES;
				GCC_WARN_64_TO_32_BIT_CONVERSION = YES;
				GCC_WARN_ABOUT_RETURN_TYPE = YES_ERROR;
				GCC_WARN_UNDECLARED_SELECTOR = YES;
				GCC_WARN_UNINITIALIZED_AUTOS = YES_AGGRESSIVE;
				GCC_WARN_UNUSED_FUNCTION = YES;
				GCC_WARN_UNUSED_VARIABLE = YES;
				IPHONEOS_DEPLOYMENT_TARGET = 9.1;
				MTL_ENABLE_DEBUG_INFO = NO;
				SDKROOT = iphoneos;
				VALIDATE_PRODUCT = YES;
			};
			name = Release;
		};
		D62469D61BF4E612007612C7 /* Debug */ = {
			isa = XCBuildConfiguration;
			buildSettings = {
				ASSETCATALOG_COMPILER_APPICON_NAME = AppIcon;
				INFOPLIST_FILE = enums/Info.plist;
				LD_RUNPATH_SEARCH_PATHS = "$(inherited) @executable_path/Frameworks";
				PRODUCT_BUNDLE_IDENTIFIER = com.personal.enums;
				PRODUCT_NAME = "$(TARGET_NAME)";
			};
			name = Debug;
		};
		D62469D71BF4E612007612C7 /* Release */ = {
			isa = XCBuildConfiguration;
			buildSettings = {
				ASSETCATALOG_COMPILER_APPICON_NAME = AppIcon;
				INFOPLIST_FILE = enums/Info.plist;
				LD_RUNPATH_SEARCH_PATHS = "$(inherited) @executable_path/Frameworks";
				PRODUCT_BUNDLE_IDENTIFIER = com.personal.enums;
				PRODUCT_NAME = "$(TARGET_NAME)";
			};
			name = Release;
		};
		D62469D91BF4E612007612C7 /* Debug */ = {
			isa = XCBuildConfiguration;
			buildSettings = {
				BUNDLE_LOADER = "$(TEST_HOST)";
				INFOPLIST_FILE = enumsTests/Info.plist;
				LD_RUNPATH_SEARCH_PATHS = "$(inherited) @executable_path/Frameworks @loader_path/Frameworks";
				PRODUCT_BUNDLE_IDENTIFIER = com.personal.enumsTests;
				PRODUCT_NAME = "$(TARGET_NAME)";
				TEST_HOST = "$(BUILT_PRODUCTS_DIR)/enums.app/enums";
			};
			name = Debug;
		};
		D62469DA1BF4E612007612C7 /* Release */ = {
			isa = XCBuildConfiguration;
			buildSettings = {
				BUNDLE_LOADER = "$(TEST_HOST)";
				INFOPLIST_FILE = enumsTests/Info.plist;
				LD_RUNPATH_SEARCH_PATHS = "$(inherited) @executable_path/Frameworks @loader_path/Frameworks";
				PRODUCT_BUNDLE_IDENTIFIER = com.personal.enumsTests;
				PRODUCT_NAME = "$(TARGET_NAME)";
				TEST_HOST = "$(BUILT_PRODUCTS_DIR)/enums.app/enums";
			};
			name = Release;
		};
		D62469DC1BF4E612007612C7 /* Debug */ = {
			isa = XCBuildConfiguration;
			buildSettings = {
				INFOPLIST_FILE = enumsUITests/Info.plist;
				LD_RUNPATH_SEARCH_PATHS = "$(inherited) @executable_path/Frameworks @loader_path/Frameworks";
				PRODUCT_BUNDLE_IDENTIFIER = com.personal.enumsUITests;
				PRODUCT_NAME = "$(TARGET_NAME)";
				TEST_TARGET_NAME = enums;
				USES_XCTRUNNER = YES;
			};
			name = Debug;
		};
		D62469DD1BF4E612007612C7 /* Release */ = {
			isa = XCBuildConfiguration;
			buildSettings = {
				INFOPLIST_FILE = enumsUITests/Info.plist;
				LD_RUNPATH_SEARCH_PATHS = "$(inherited) @executable_path/Frameworks @loader_path/Frameworks";
				PRODUCT_BUNDLE_IDENTIFIER = com.personal.enumsUITests;
				PRODUCT_NAME = "$(TARGET_NAME)";
				TEST_TARGET_NAME = enums;
				USES_XCTRUNNER = YES;
			};
			name = Release;
		};
/* End XCBuildConfiguration section */

/* Begin XCConfigurationList section */
		D62469A81BF4E612007612C7 /* Build configuration list for PBXProject "enums" */ = {
			isa = XCConfigurationList;
			buildConfigurations = (
				D62469D31BF4E612007612C7 /* Debug */,
				D62469D41BF4E612007612C7 /* Release */,
			);
			defaultConfigurationIsVisible = 0;
			defaultConfigurationName = Release;
		};
		D62469D51BF4E612007612C7 /* Build configuration list for PBXNativeTarget "enums" */ = {
			isa = XCConfigurationList;
			buildConfigurations = (
				D62469D61BF4E612007612C7 /* Debug */,
				D62469D71BF4E612007612C7 /* Release */,
			);
			defaultConfigurationIsVisible = 0;
		};
		D62469D81BF4E612007612C7 /* Build configuration list for PBXNativeTarget "enumsTests" */ = {
			isa = XCConfigurationList;
			buildConfigurations = (
				D62469D91BF4E612007612C7 /* Debug */,
				D62469DA1BF4E612007612C7 /* Release */,
			);
			defaultConfigurationIsVisible = 0;
		};
		D62469DB1BF4E612007612C7 /* Build configuration list for PBXNativeTarget "enumsUITests" */ = {
			isa = XCConfigurationList;
			buildConfigurations = (
				D62469DC1BF4E612007612C7 /* Debug */,
				D62469DD1BF4E612007612C7 /* Release */,
			);
			defaultConfigurationIsVisible = 0;
		};
/* End XCConfigurationList section */
	};
	rootObject = D62469A51BF4E612007612C7 /* Project object */;
}
